Microsoft Visual Studio Solution File, Format Version 12.00
# Visual Studio 2012
Project("{FAE04EC0-301F-11D3-BF4B-00C04F79EFBC}") = "SharpNeatLib", "SharpNeatLib\SharpNeatLib.csproj", "{ABC5C77A-DEBA-420C-926C-BD3E6F37AE15}"
EndProject
Project("{FAE04EC0-301F-11D3-BF4B-00C04F79EFBC}") = "SharpNeatGUI", "SharpNeatGUI\SharpNeatGUI.csproj", "{407D1C95-118D-42C5-9FCF-BB3628873B4E}"
EndProject
Project("{FAE04EC0-301F-11D3-BF4B-00C04F79EFBC}") = "SharpNeatDomains", "SharpNeatDomains\SharpNeatDomains.csproj", "{73AB8C8C-6315-4DC7-A3DE-3C747F86AC78}"
EndProject
Project("{FAE04EC0-301F-11D3-BF4B-00C04F79EFBC}") = "SharpNeatViewLib", "SharpNeatViewLib\SharpNeatViewLib.csproj", "{4EA80D7B-B680-4AB8-BC4A-B51AF33A3FDE}"
EndProject
Project("{FAE04EC0-301F-11D3-BF4B-00C04F79EFBC}") = "SharpNeatConsole", "SharpNeatConsole\SharpNeatConsole.csproj", "{57314EFA-48AB-4C81-B509-F36EA1000088}"
EndProject
Project("{FAE04EC0-301F-11D3-BF4B-00C04F79EFBC}") = "Box2dTestHarness", "Box2dTestHarness\Box2dTestHarness.csproj", "{0E2AEE8E-8B7C-4257-ABB8-356B4885745E}"
EndProject
Project("{FAE04EC0-301F-11D3-BF4B-00C04F79EFBC}") = "SharpNeatDomainsExtra", "SharpNeatDomainsExtra\SharpNeatDomainsExtra.csproj", "{3A1B9DEC-AECE-42F3-BAD9-9172482C43AB}"
EndProject
Project("{2150E333-8FDC-42A3-9474-1A3956D46DE8}") = "SharpNeat.Lib", "SharpNeat.Lib", "{07539AF5-BFD9-4184-B3CC-9132B9DC4408}"
EndProject
Project("{FAE04EC0-301F-11D3-BF4B-00C04F79EFBC}") = "Interfaces", "Interfaces\Interfaces.csproj", "{09C4FC12-2C77-4A4F-BBA0-96511B0770FE}"
EndProject
Project("{FAE04EC0-301F-11D3-BF4B-00C04F79EFBC}") = "Utility", "Utility\Utility.csproj", "{66586563-8614-4AFF-ADE7-6D44F2F20A01}"
EndProject
Project("{FAE04EC0-301F-11D3-BF4B-00C04F79EFBC}") = "Core", "Core\Core.csproj", "{C9AC4B87-F4A8-42DF-9264-68BEF3F80111}"
EndProject
Project("{FAE04EC0-301F-11D3-BF4B-00C04F79EFBC}") = "Common", "Common\Common.csproj", "{D83A91CA-21BC-44C4-A714-424E6C144740}"
EndProject
Project("{FAE04EC0-301F-11D3-BF4B-00C04F79EFBC}") = "Decoders", "Decoders\Decoders.csproj", "{223DC668-E791-4B78-B3ED-BED954954741}"
EndProject
Project("{FAE04EC0-301F-11D3-BF4B-00C04F79EFBC}") = "Network", "Network\Network.csproj", "{D415BAFC-8E5C-4DAA-A056-B7E359434705}"
EndProject
Project("{FAE04EC0-301F-11D3-BF4B-00C04F79EFBC}") = "Phenomes", "Phenomes\Phenomes.csproj", "{1CB44372-F0D5-4356-B27D-2975A795FFA1}"
EndProject
Project("{FAE04EC0-301F-11D3-BF4B-00C04F79EFBC}") = "Genomes", "Genomes\Genomes.csproj", "{52F0747E-CDCE-446B-A724-89A4D9D1ABE5}"
EndProject
Project("{FAE04EC0-301F-11D3-BF4B-00C04F79EFBC}") = "Evolution", "Evolution\Evolution.csproj", "{C88C2903-27D6-40C3-B1F0-F9BEB39F55C4}"
EndProject
Global
	GlobalSection(SolutionConfigurationPlatforms) = preSolution
		Debug|Any CPU = Debug|Any CPU
		Debug|Mixed Platforms = Debug|Mixed Platforms
		Debug|x86 = Debug|x86
		Release|Any CPU = Release|Any CPU
		Release|Mixed Platforms = Release|Mixed Platforms
		Release|x86 = Release|x86
	EndGlobalSection
	GlobalSection(ProjectConfigurationPlatforms) = postSolution
		{ABC5C77A-DEBA-420C-926C-BD3E6F37AE15}.Debug|Any CPU.ActiveCfg = Debug|Any CPU
		{ABC5C77A-DEBA-420C-926C-BD3E6F37AE15}.Debug|Any CPU.Build.0 = Debug|Any CPU
		{ABC5C77A-DEBA-420C-926C-BD3E6F37AE15}.Debug|Mixed Platforms.ActiveCfg = Debug|Any CPU
		{ABC5C77A-DEBA-420C-926C-BD3E6F37AE15}.Debug|Mixed Platforms.Build.0 = Debug|Any CPU
		{ABC5C77A-DEBA-420C-926C-BD3E6F37AE15}.Debug|x86.ActiveCfg = Debug|Any CPU
		{ABC5C77A-DEBA-420C-926C-BD3E6F37AE15}.Release|Any CPU.ActiveCfg = Release|Any CPU
		{ABC5C77A-DEBA-420C-926C-BD3E6F37AE15}.Release|Any CPU.Build.0 = Release|Any CPU
		{ABC5C77A-DEBA-420C-926C-BD3E6F37AE15}.Release|Mixed Platforms.ActiveCfg = Release|Any CPU
		{ABC5C77A-DEBA-420C-926C-BD3E6F37AE15}.Release|Mixed Platforms.Build.0 = Release|Any CPU
		{ABC5C77A-DEBA-420C-926C-BD3E6F37AE15}.Release|x86.ActiveCfg = Release|Any CPU
		{407D1C95-118D-42C5-9FCF-BB3628873B4E}.Debug|Any CPU.ActiveCfg = Debug|Any CPU
		{407D1C95-118D-42C5-9FCF-BB3628873B4E}.Debug|Any CPU.Build.0 = Debug|Any CPU
		{407D1C95-118D-42C5-9FCF-BB3628873B4E}.Debug|Mixed Platforms.ActiveCfg = Debug|Any CPU
		{407D1C95-118D-42C5-9FCF-BB3628873B4E}.Debug|Mixed Platforms.Build.0 = Debug|Any CPU
		{407D1C95-118D-42C5-9FCF-BB3628873B4E}.Debug|x86.ActiveCfg = Debug|Any CPU
		{407D1C95-118D-42C5-9FCF-BB3628873B4E}.Release|Any CPU.ActiveCfg = Release|Any CPU
		{407D1C95-118D-42C5-9FCF-BB3628873B4E}.Release|Any CPU.Build.0 = Release|Any CPU
		{407D1C95-118D-42C5-9FCF-BB3628873B4E}.Release|Mixed Platforms.ActiveCfg = Release|Any CPU
		{407D1C95-118D-42C5-9FCF-BB3628873B4E}.Release|Mixed Platforms.Build.0 = Release|Any CPU
		{407D1C95-118D-42C5-9FCF-BB3628873B4E}.Release|x86.ActiveCfg = Release|Any CPU
		{73AB8C8C-6315-4DC7-A3DE-3C747F86AC78}.Debug|Any CPU.ActiveCfg = Debug|Any CPU
		{73AB8C8C-6315-4DC7-A3DE-3C747F86AC78}.Debug|Any CPU.Build.0 = Debug|Any CPU
		{73AB8C8C-6315-4DC7-A3DE-3C747F86AC78}.Debug|Mixed Platforms.ActiveCfg = Debug|Any CPU
		{73AB8C8C-6315-4DC7-A3DE-3C747F86AC78}.Debug|Mixed Platforms.Build.0 = Debug|Any CPU
		{73AB8C8C-6315-4DC7-A3DE-3C747F86AC78}.Debug|x86.ActiveCfg = Debug|Any CPU
		{73AB8C8C-6315-4DC7-A3DE-3C747F86AC78}.Release|Any CPU.ActiveCfg = Release|Any CPU
		{73AB8C8C-6315-4DC7-A3DE-3C747F86AC78}.Release|Any CPU.Build.0 = Release|Any CPU
		{73AB8C8C-6315-4DC7-A3DE-3C747F86AC78}.Release|Mixed Platforms.ActiveCfg = Release|Any CPU
		{73AB8C8C-6315-4DC7-A3DE-3C747F86AC78}.Release|Mixed Platforms.Build.0 = Release|Any CPU
		{73AB8C8C-6315-4DC7-A3DE-3C747F86AC78}.Release|x86.ActiveCfg = Release|Any CPU
		{4EA80D7B-B680-4AB8-BC4A-B51AF33A3FDE}.Debug|Any CPU.ActiveCfg = Debug|Any CPU
		{4EA80D7B-B680-4AB8-BC4A-B51AF33A3FDE}.Debug|Any CPU.Build.0 = Debug|Any CPU
		{4EA80D7B-B680-4AB8-BC4A-B51AF33A3FDE}.Debug|Mixed Platforms.ActiveCfg = Debug|Any CPU
		{4EA80D7B-B680-4AB8-BC4A-B51AF33A3FDE}.Debug|Mixed Platforms.Build.0 = Debug|Any CPU
		{4EA80D7B-B680-4AB8-BC4A-B51AF33A3FDE}.Debug|x86.ActiveCfg = Debug|Any CPU
		{4EA80D7B-B680-4AB8-BC4A-B51AF33A3FDE}.Release|Any CPU.ActiveCfg = Release|Any CPU
		{4EA80D7B-B680-4AB8-BC4A-B51AF33A3FDE}.Release|Any CPU.Build.0 = Release|Any CPU
		{4EA80D7B-B680-4AB8-BC4A-B51AF33A3FDE}.Release|Mixed Platforms.ActiveCfg = Release|Any CPU
		{4EA80D7B-B680-4AB8-BC4A-B51AF33A3FDE}.Release|Mixed Platforms.Build.0 = Release|Any CPU
		{4EA80D7B-B680-4AB8-BC4A-B51AF33A3FDE}.Release|x86.ActiveCfg = Release|Any CPU
		{57314EFA-48AB-4C81-B509-F36EA1000088}.Debug|Any CPU.ActiveCfg = Debug|x86
		{57314EFA-48AB-4C81-B509-F36EA1000088}.Debug|Mixed Platforms.ActiveCfg = Debug|x86
		{57314EFA-48AB-4C81-B509-F36EA1000088}.Debug|Mixed Platforms.Build.0 = Debug|x86
		{57314EFA-48AB-4C81-B509-F36EA1000088}.Debug|x86.ActiveCfg = Debug|x86
		{57314EFA-48AB-4C81-B509-F36EA1000088}.Debug|x86.Build.0 = Debug|x86
		{57314EFA-48AB-4C81-B509-F36EA1000088}.Release|Any CPU.ActiveCfg = Release|x86
		{57314EFA-48AB-4C81-B509-F36EA1000088}.Release|Mixed Platforms.ActiveCfg = Release|x86
		{57314EFA-48AB-4C81-B509-F36EA1000088}.Release|Mixed Platforms.Build.0 = Release|x86
		{57314EFA-48AB-4C81-B509-F36EA1000088}.Release|x86.ActiveCfg = Release|x86
		{57314EFA-48AB-4C81-B509-F36EA1000088}.Release|x86.Build.0 = Release|x86
		{0E2AEE8E-8B7C-4257-ABB8-356B4885745E}.Debug|Any CPU.ActiveCfg = Debug|x86
		{0E2AEE8E-8B7C-4257-ABB8-356B4885745E}.Debug|Mixed Platforms.ActiveCfg = Debug|x86
		{0E2AEE8E-8B7C-4257-ABB8-356B4885745E}.Debug|Mixed Platforms.Build.0 = Debug|x86
		{0E2AEE8E-8B7C-4257-ABB8-356B4885745E}.Debug|x86.ActiveCfg = Debug|x86
		{0E2AEE8E-8B7C-4257-ABB8-356B4885745E}.Debug|x86.Build.0 = Debug|x86
		{0E2AEE8E-8B7C-4257-ABB8-356B4885745E}.Release|Any CPU.ActiveCfg = Release|x86
		{0E2AEE8E-8B7C-4257-ABB8-356B4885745E}.Release|Mixed Platforms.ActiveCfg = Release|x86
		{0E2AEE8E-8B7C-4257-ABB8-356B4885745E}.Release|Mixed Platforms.Build.0 = Release|x86
		{0E2AEE8E-8B7C-4257-ABB8-356B4885745E}.Release|x86.ActiveCfg = Release|x86
		{0E2AEE8E-8B7C-4257-ABB8-356B4885745E}.Release|x86.Build.0 = Release|x86
		{3A1B9DEC-AECE-42F3-BAD9-9172482C43AB}.Debug|Any CPU.ActiveCfg = Debug|Any CPU
		{3A1B9DEC-AECE-42F3-BAD9-9172482C43AB}.Debug|Any CPU.Build.0 = Debug|Any CPU
		{3A1B9DEC-AECE-42F3-BAD9-9172482C43AB}.Debug|Mixed Platforms.ActiveCfg = Debug|Any CPU
		{3A1B9DEC-AECE-42F3-BAD9-9172482C43AB}.Debug|Mixed Platforms.Build.0 = Debug|Any CPU
		{3A1B9DEC-AECE-42F3-BAD9-9172482C43AB}.Debug|x86.ActiveCfg = Debug|Any CPU
		{3A1B9DEC-AECE-42F3-BAD9-9172482C43AB}.Release|Any CPU.ActiveCfg = Release|Any CPU
		{3A1B9DEC-AECE-42F3-BAD9-9172482C43AB}.Release|Any CPU.Build.0 = Release|Any CPU
		{3A1B9DEC-AECE-42F3-BAD9-9172482C43AB}.Release|Mixed Platforms.ActiveCfg = Release|Any CPU
		{3A1B9DEC-AECE-42F3-BAD9-9172482C43AB}.Release|Mixed Platforms.Build.0 = Release|Any CPU
		{3A1B9DEC-AECE-42F3-BAD9-9172482C43AB}.Release|x86.ActiveCfg = Release|Any CPU
		{09C4FC12-2C77-4A4F-BBA0-96511B0770FE}.Debug|Any CPU.ActiveCfg = Debug|Any CPU
		{09C4FC12-2C77-4A4F-BBA0-96511B0770FE}.Debug|Any CPU.Build.0 = Debug|Any CPU
		{09C4FC12-2C77-4A4F-BBA0-96511B0770FE}.Debug|Mixed Platforms.ActiveCfg = Debug|Any CPU
		{09C4FC12-2C77-4A4F-BBA0-96511B0770FE}.Debug|Mixed Platforms.Build.0 = Debug|Any CPU
		{09C4FC12-2C77-4A4F-BBA0-96511B0770FE}.Debug|x86.ActiveCfg = Debug|Any CPU
		{09C4FC12-2C77-4A4F-BBA0-96511B0770FE}.Release|Any CPU.ActiveCfg = Release|Any CPU
		{09C4FC12-2C77-4A4F-BBA0-96511B0770FE}.Release|Any CPU.Build.0 = Release|Any CPU
		{09C4FC12-2C77-4A4F-BBA0-96511B0770FE}.Release|Mixed Platforms.ActiveCfg = Release|Any CPU
		{09C4FC12-2C77-4A4F-BBA0-96511B0770FE}.Release|Mixed Platforms.Build.0 = Release|Any CPU
		{09C4FC12-2C77-4A4F-BBA0-96511B0770FE}.Release|x86.ActiveCfg = Release|Any CPU
		{66586563-8614-4AFF-ADE7-6D44F2F20A01}.Debug|Any CPU.ActiveCfg = Debug|Any CPU
		{66586563-8614-4AFF-ADE7-6D44F2F20A01}.Debug|Any CPU.Build.0 = Debug|Any CPU
		{66586563-8614-4AFF-ADE7-6D44F2F20A01}.Debug|Mixed Platforms.ActiveCfg = Debug|Any CPU
		{66586563-8614-4AFF-ADE7-6D44F2F20A01}.Debug|Mixed Platforms.Build.0 = Debug|Any CPU
		{66586563-8614-4AFF-ADE7-6D44F2F20A01}.Debug|x86.ActiveCfg = Debug|Any CPU
		{66586563-8614-4AFF-ADE7-6D44F2F20A01}.Release|Any CPU.ActiveCfg = Release|Any CPU
		{66586563-8614-4AFF-ADE7-6D44F2F20A01}.Release|Any CPU.Build.0 = Release|Any CPU
		{66586563-8614-4AFF-ADE7-6D44F2F20A01}.Release|Mixed Platforms.ActiveCfg = Release|Any CPU
		{66586563-8614-4AFF-ADE7-6D44F2F20A01}.Release|Mixed Platforms.Build.0 = Release|Any CPU
		{66586563-8614-4AFF-ADE7-6D44F2F20A01}.Release|x86.ActiveCfg = Release|Any CPU
		{C9AC4B87-F4A8-42DF-9264-68BEF3F80111}.Debug|Any CPU.ActiveCfg = Debug|Any CPU
		{C9AC4B87-F4A8-42DF-9264-68BEF3F80111}.Debug|Any CPU.Build.0 = Debug|Any CPU
		{C9AC4B87-F4A8-42DF-9264-68BEF3F80111}.Debug|Mixed Platforms.ActiveCfg = Debug|Any CPU
		{C9AC4B87-F4A8-42DF-9264-68BEF3F80111}.Debug|Mixed Platforms.Build.0 = Debug|Any CPU
		{C9AC4B87-F4A8-42DF-9264-68BEF3F80111}.Debug|x86.ActiveCfg = Debug|Any CPU
		{C9AC4B87-F4A8-42DF-9264-68BEF3F80111}.Release|Any CPU.ActiveCfg = Release|Any CPU
		{C9AC4B87-F4A8-42DF-9264-68BEF3F80111}.Release|Any CPU.Build.0 = Release|Any CPU
		{C9AC4B87-F4A8-42DF-9264-68BEF3F80111}.Release|Mixed Platforms.ActiveCfg = Release|Any CPU
		{C9AC4B87-F4A8-42DF-9264-68BEF3F80111}.Release|Mixed Platforms.Build.0 = Release|Any CPU
		{C9AC4B87-F4A8-42DF-9264-68BEF3F80111}.Release|x86.ActiveCfg = Release|Any CPU
		{D83A91CA-21BC-44C4-A714-424E6C144740}.Debug|Any CPU.ActiveCfg = Debug|Any CPU
		{D83A91CA-21BC-44C4-A714-424E6C144740}.Debug|Any CPU.Build.0 = Debug|Any CPU
		{D83A91CA-21BC-44C4-A714-424E6C144740}.Debug|Mixed Platforms.ActiveCfg = Debug|Any CPU
		{D83A91CA-21BC-44C4-A714-424E6C144740}.Debug|Mixed Platforms.Build.0 = Debug|Any CPU
		{D83A91CA-21BC-44C4-A714-424E6C144740}.Debug|x86.ActiveCfg = Debug|Any CPU
		{D83A91CA-21BC-44C4-A714-424E6C144740}.Release|Any CPU.ActiveCfg = Release|Any CPU
		{D83A91CA-21BC-44C4-A714-424E6C144740}.Release|Any CPU.Build.0 = Release|Any CPU
		{D83A91CA-21BC-44C4-A714-424E6C144740}.Release|Mixed Platforms.ActiveCfg = Release|Any CPU
		{D83A91CA-21BC-44C4-A714-424E6C144740}.Release|Mixed Platforms.Build.0 = Release|Any CPU
		{D83A91CA-21BC-44C4-A714-424E6C144740}.Release|x86.ActiveCfg = Release|Any CPU
		{223DC668-E791-4B78-B3ED-BED954954741}.Debug|Any CPU.ActiveCfg = Debug|Any CPU
		{223DC668-E791-4B78-B3ED-BED954954741}.Debug|Any CPU.Build.0 = Debug|Any CPU
		{223DC668-E791-4B78-B3ED-BED954954741}.Debug|Mixed Platforms.ActiveCfg = Debug|Any CPU
		{223DC668-E791-4B78-B3ED-BED954954741}.Debug|Mixed Platforms.Build.0 = Debug|Any CPU
		{223DC668-E791-4B78-B3ED-BED954954741}.Debug|x86.ActiveCfg = Debug|Any CPU
		{223DC668-E791-4B78-B3ED-BED954954741}.Release|Any CPU.ActiveCfg = Release|Any CPU
		{223DC668-E791-4B78-B3ED-BED954954741}.Release|Any CPU.Build.0 = Release|Any CPU
		{223DC668-E791-4B78-B3ED-BED954954741}.Release|Mixed Platforms.ActiveCfg = Release|Any CPU
		{223DC668-E791-4B78-B3ED-BED954954741}.Release|Mixed Platforms.Build.0 = Release|Any CPU
		{223DC668-E791-4B78-B3ED-BED954954741}.Release|x86.ActiveCfg = Release|Any CPU
		{D415BAFC-8E5C-4DAA-A056-B7E359434705}.Debug|Any CPU.ActiveCfg = Debug|Any CPU
		{D415BAFC-8E5C-4DAA-A056-B7E359434705}.Debug|Any CPU.Build.0 = Debug|Any CPU
		{D415BAFC-8E5C-4DAA-A056-B7E359434705}.Debug|Mixed Platforms.ActiveCfg = Debug|Any CPU
		{D415BAFC-8E5C-4DAA-A056-B7E359434705}.Debug|Mixed Platforms.Build.0 = Debug|Any CPU
		{D415BAFC-8E5C-4DAA-A056-B7E359434705}.Debug|x86.ActiveCfg = Debug|Any CPU
		{D415BAFC-8E5C-4DAA-A056-B7E359434705}.Release|Any CPU.ActiveCfg = Release|Any CPU
		{D415BAFC-8E5C-4DAA-A056-B7E359434705}.Release|Any CPU.Build.0 = Release|Any CPU
		{D415BAFC-8E5C-4DAA-A056-B7E359434705}.Release|Mixed Platforms.ActiveCfg = Release|Any CPU
		{D415BAFC-8E5C-4DAA-A056-B7E359434705}.Release|Mixed Platforms.Build.0 = Release|Any CPU
		{D415BAFC-8E5C-4DAA-A056-B7E359434705}.Release|x86.ActiveCfg = Release|Any CPU
		{1CB44372-F0D5-4356-B27D-2975A795FFA1}.Debug|Any CPU.ActiveCfg = Debug|Any CPU
		{1CB44372-F0D5-4356-B27D-2975A795FFA1}.Debug|Any CPU.Build.0 = Debug|Any CPU
		{1CB44372-F0D5-4356-B27D-2975A795FFA1}.Debug|Mixed Platforms.ActiveCfg = Debug|Any CPU
		{1CB44372-F0D5-4356-B27D-2975A795FFA1}.Debug|Mixed Platforms.Build.0 = Debug|Any CPU
		{1CB44372-F0D5-4356-B27D-2975A795FFA1}.Debug|x86.ActiveCfg = Debug|Any CPU
		{1CB44372-F0D5-4356-B27D-2975A795FFA1}.Release|Any CPU.ActiveCfg = Release|Any CPU
		{1CB44372-F0D5-4356-B27D-2975A795FFA1}.Release|Any CPU.Build.0 = Release|Any CPU
		{1CB44372-F0D5-4356-B27D-2975A795FFA1}.Release|Mixed Platforms.ActiveCfg = Release|Any CPU
		{1CB44372-F0D5-4356-B27D-2975A795FFA1}.Release|Mixed Platforms.Build.0 = Release|Any CPU
		{1CB44372-F0D5-4356-B27D-2975A795FFA1}.Release|x86.ActiveCfg = Release|Any CPU
		{52F0747E-CDCE-446B-A724-89A4D9D1ABE5}.Debug|Any CPU.ActiveCfg = Debug|Any CPU
		{52F0747E-CDCE-446B-A724-89A4D9D1ABE5}.Debug|Any CPU.Build.0 = Debug|Any CPU
		{52F0747E-CDCE-446B-A724-89A4D9D1ABE5}.Debug|Mixed Platforms.ActiveCfg = Debug|Any CPU
		{52F0747E-CDCE-446B-A724-89A4D9D1ABE5}.Debug|Mixed Platforms.Build.0 = Debug|Any CPU
		{52F0747E-CDCE-446B-A724-89A4D9D1ABE5}.Debug|x86.ActiveCfg = Debug|Any CPU
		{52F0747E-CDCE-446B-A724-89A4D9D1ABE5}.Release|Any CPU.ActiveCfg = Release|Any CPU
		{52F0747E-CDCE-446B-A724-89A4D9D1ABE5}.Release|Any CPU.Build.0 = Release|Any CPU
		{52F0747E-CDCE-446B-A724-89A4D9D1ABE5}.Release|Mixed Platforms.ActiveCfg = Release|Any CPU
		{52F0747E-CDCE-446B-A724-89A4D9D1ABE5}.Release|Mixed Platforms.Build.0 = Release|Any CPU
		{52F0747E-CDCE-446B-A724-89A4D9D1ABE5}.Release|x86.ActiveCfg = Release|Any CPU
		{C88C2903-27D6-40C3-B1F0-F9BEB39F55C4}.Debug|Any CPU.ActiveCfg = Debug|Any CPU
		{C88C2903-27D6-40C3-B1F0-F9BEB39F55C4}.Debug|Any CPU.Build.0 = Debug|Any CPU
		{C88C2903-27D6-40C3-B1F0-F9BEB39F55C4}.Debug|Mixed Platforms.ActiveCfg = Debug|Any CPU
		{C88C2903-27D6-40C3-B1F0-F9BEB39F55C4}.Debug|Mixed Platforms.Build.0 = Debug|Any CPU
		{C88C2903-27D6-40C3-B1F0-F9BEB39F55C4}.Debug|x86.ActiveCfg = Debug|Any CPU
		{C88C2903-27D6-40C3-B1F0-F9BEB39F55C4}.Release|Any CPU.ActiveCfg = Release|Any CPU
		{C88C2903-27D6-40C3-B1F0-F9BEB39F55C4}.Release|Any CPU.Build.0 = Release|Any CPU
		{C88C2903-27D6-40C3-B1F0-F9BEB39F55C4}.Release|Mixed Platforms.ActiveCfg = Release|Any CPU
		{C88C2903-27D6-40C3-B1F0-F9BEB39F55C4}.Release|Mixed Platforms.Build.0 = Release|Any CPU
		{C88C2903-27D6-40C3-B1F0-F9BEB39F55C4}.Release|x86.ActiveCfg = Release|Any CPU
	EndGlobalSection
	GlobalSection(SolutionProperties) = preSolution
		HideSolutionNode = FALSE
	EndGlobalSection
	GlobalSection(NestedProjects) = preSolution
		{ABC5C77A-DEBA-420C-926C-BD3E6F37AE15} = {07539AF5-BFD9-4184-B3CC-9132B9DC4408}
		{09C4FC12-2C77-4A4F-BBA0-96511B0770FE} = {07539AF5-BFD9-4184-B3CC-9132B9DC4408}
		{66586563-8614-4AFF-ADE7-6D44F2F20A01} = {07539AF5-BFD9-4184-B3CC-9132B9DC4408}
		{C9AC4B87-F4A8-42DF-9264-68BEF3F80111} = {07539AF5-BFD9-4184-B3CC-9132B9DC4408}
		{D83A91CA-21BC-44C4-A714-424E6C144740} = {07539AF5-BFD9-4184-B3CC-9132B9DC4408}
		{223DC668-E791-4B78-B3ED-BED954954741} = {07539AF5-BFD9-4184-B3CC-9132B9DC4408}
		{D415BAFC-8E5C-4DAA-A056-B7E359434705} = {07539AF5-BFD9-4184-B3CC-9132B9DC4408}
		{1CB44372-F0D5-4356-B27D-2975A795FFA1} = {07539AF5-BFD9-4184-B3CC-9132B9DC4408}
		{52F0747E-CDCE-446B-A724-89A4D9D1ABE5} = {07539AF5-BFD9-4184-B3CC-9132B9DC4408}
		{C88C2903-27D6-40C3-B1F0-F9BEB39F55C4} = {07539AF5-BFD9-4184-B3CC-9132B9DC4408}
	EndGlobalSection
EndGlobal
